
Microsoft Visual Studio Solution File, Format Version 12.00
# Visual Studio Version 17
VisualStudioVersion = 17.6.33723.286
MinimumVisualStudioVersion = 10.0.40219.1
Project("{8BC9CEB8-8B4A-11D0-8D11-00A0C91BC942}") = "project3", "project3\project3.vcxproj", "{1866EBE7-6CC2-4B2B-9039-88E58FF66EE7}"
EndProject
Global
	GlobalSection(SolutionConfigurationPlatforms) = preSolution
		Debug|x64 = Debug|x64
		Debug|x86 = Debug|x86
		Release|x64 = Release|x64
		Release|x86 = Release|x86
	EndGlobalSection
	GlobalSection(ProjectConfigurationPlatforms) = postSolution
		{1866EBE7-6CC2-4B2B-9039-88E58FF66EE7}.Debug|x64.ActiveCfg = Debug|x64
		{1866EBE7-6CC2-4B2B-9039-88E58FF66EE7}.Debug|x64.Build.0 = Debug|x64
		{1866EBE7-6CC2-4B2B-9039-88E58FF66EE7}.Debug|x86.ActiveCfg = Debug|Win32
		{1866EBE7-6CC2-4B2B-9039-88E58FF66EE7}.Debug|x86.Build.0 = Debug|Win32
		{1866EBE7-6CC2-4B2B-9039-88E58FF66EE7}.Release|x64.ActiveCfg = Release|x64
		{1866EBE7-6CC2-4B2B-9039-88E58FF66EE7}.Release|x64.Build.0 = Release|x64
		{1866EBE7-6CC2-4B2B-9039-88E58FF66EE7}.Release|x86.ActiveCfg = Release|Win32
		{1866EBE7-6CC2-4B2B-9039-88E58FF66EE7}.Release|x86.Build.0 = Release|Win32
	EndGlobalSection
	GlobalSection(SolutionProperties) = preSolution
		HideSolutionNode = FALSE
	EndGlobalSection
	GlobalSection(ExtensibilityGlobals) = postSolution
		SolutionGuid = {26B44215-4B5D-435C-8C26-1A4BB906BB73}
	EndGlobalSection
EndGlobal
